// !$*UTF8*$!
{
	archiveVersion = 1;
	classes = {
	};
	objectVersion = 55;
	objects = {

/* Begin PBXBuildFile section */
		5B460062286B4FD000B7335B /* AppDelegate.swift in Sources */ = {isa = PBXBuildFile; fileRef = 5B460061286B4FD000B7335B /* AppDelegate.swift */; };
		5B460064286B4FD000B7335B /* SceneDelegate.swift in Sources */ = {isa = PBXBuildFile; fileRef = 5B460063286B4FD000B7335B /* SceneDelegate.swift */; };
		5B460066286B4FD000B7335B /* ViewController.swift in Sources */ = {isa = PBXBuildFile; fileRef = 5B460065286B4FD000B7335B /* ViewController.swift */; };
		5B460069286B4FD000B7335B /* Main.storyboard in Resources */ = {isa = PBXBuildFile; fileRef = 5B460067286B4FD000B7335B /* Main.storyboard */; };
		5B46006C286B4FD000B7335B /* toDoList.xcdatamodeld in Sources */ = {isa = PBXBuildFile; fileRef = 5B46006A286B4FD000B7335B /* toDoList.xcdatamodeld */; };
		5B46006E286B4FD600B7335B /* Assets.xcassets in Resources */ = {isa = PBXBuildFile; fileRef = 5B46006D286B4FD600B7335B /* Assets.xcassets */; };
		5B460071286B4FD600B7335B /* LaunchScreen.storyboard in Resources */ = {isa = PBXBuildFile; fileRef = 5B46006F286B4FD600B7335B /* LaunchScreen.storyboard */; };
		5B46007C286B4FD600B7335B /* toDoListTests.swift in Sources */ = {isa = PBXBuildFile; fileRef = 5B46007B286B4FD600B7335B /* toDoListTests.swift */; };
		5B460086286B4FD600B7335B /* toDoListUITests.swift in Sources */ = {isa = PBXBuildFile; fileRef = 5B460085286B4FD600B7335B /* toDoListUITests.swift */; };
		5B460088286B4FD600B7335B /* toDoListUITestsLaunchTests.swift in Sources */ = {isa = PBXBuildFile; fileRef = 5B460087286B4FD600B7335B /* toDoListUITestsLaunchTests.swift */; };
		5B460095286B523800B7335B /* ToDoTableViewController.swift in Sources */ = {isa = PBXBuildFile; fileRef = 5B460094286B523700B7335B /* ToDoTableViewController.swift */; };
		5B460097286B528E00B7335B /* ToDo.swift in Sources */ = {isa = PBXBuildFile; fileRef = 5B460096286B528E00B7335B /* ToDo.swift */; };
/* End PBXBuildFile section */

/* Begin PBXContainerItemProxy section */
		5B460078286B4FD600B7335B /* PBXContainerItemProxy */ = {
			isa = PBXContainerItemProxy;
			containerPortal = 5B460056286B4FD000B7335B /* Project object */;
			proxyType = 1;
			remoteGlobalIDString = 5B46005D286B4FD000B7335B;
			remoteInfo = toDoList;
		};
		5B460082286B4FD600B7335B /* PBXContainerItemProxy */ = {
			isa = PBXContainerItemProxy;
			containerPortal = 5B460056286B4FD000B7335B /* Project object */;
			proxyType = 1;
			remoteGlobalIDString = 5B46005D286B4FD000B7335B;
			remoteInfo = toDoList;
		};
/* End PBXContainerItemProxy section */

/* Begin PBXFileReference section */
		5B46005E286B4FD000B7335B /* toDoList.app */ = {isa = PBXFileReference; explicitFileType = wrapper.application; includeInIndex = 0; path = toDoList.app; sourceTree = BUILT_PRODUCTS_DIR; };
		5B460061286B4FD000B7335B /* AppDelegate.swift */ = {isa = PBXFileReference; lastKnownFileType = sourcecode.swift; path = AppDelegate.swift; sourceTree = "<group>"; };
		5B460063286B4FD000B7335B /* SceneDelegate.swift */ = {isa = PBXFileReference; lastKnownFileType = sourcecode.swift; path = SceneDelegate.swift; sourceTree = "<group>"; };
		5B460065286B4FD000B7335B /* ViewController.swift */ = {isa = PBXFileReference; lastKnownFileType = sourcecode.swift; path = ViewController.swift; sourceTree = "<group>"; };
		5B460068286B4FD000B7335B /* Base */ = {isa = PBXFileReference; lastKnownFileType = file.storyboard; name = Base; path = Base.lproj/Main.storyboard; sourceTree = "<group>"; };
		5B46006B286B4FD000B7335B /* toDoList.xcdatamodel */ = {isa = PBXFileReference; lastKnownFileType = wrapper.xcdatamodel; path = toDoList.xcdatamodel; sourceTree = "<group>"; };
		5B46006D286B4FD600B7335B /* Assets.xcassets */ = {isa = PBXFileReference; lastKnownFileType = folder.assetcatalog; path = Assets.xcassets; sourceTree = "<group>"; };
		5B460070286B4FD600B7335B /* Base */ = {isa = PBXFileReference; lastKnownFileType = file.storyboard; name = Base; path = Base.lproj/LaunchScreen.storyboard; sourceTree = "<group>"; };
		5B460072286B4FD600B7335B /* Info.plist */ = {isa = PBXFileReference; lastKnownFileType = text.plist.xml; path = Info.plist; sourceTree = "<group>"; };
		5B460077286B4FD600B7335B /* toDoListTests.xctest */ = {isa = PBXFileReference; explicitFileType = wrapper.cfbundle; includeInIndex = 0; path = toDoListTests.xctest; sourceTree = BUILT_PRODUCTS_DIR; };
		5B46007B286B4FD600B7335B /* toDoListTests.swift */ = {isa = PBXFileReference; lastKnownFileType = sourcecode.swift; path = toDoListTests.swift; sourceTree = "<group>"; };
		5B460081286B4FD600B7335B /* toDoListUITests.xctest */ = {isa = PBXFileReference; explicitFileType = wrapper.cfbundle; includeInIndex = 0; path = toDoListUITests.xctest; sourceTree = BUILT_PRODUCTS_DIR; };
		5B460085286B4FD600B7335B /* toDoListUITests.swift */ = {isa = PBXFileReference; lastKnownFileType = sourcecode.swift; path = toDoListUITests.swift; sourceTree = "<group>"; };
		5B460087286B4FD600B7335B /* toDoListUITestsLaunchTests.swift */ = {isa = PBXFileReference; lastKnownFileType = sourcecode.swift; path = toDoListUITestsLaunchTests.swift; sourceTree = "<group>"; };
		5B460094286B523700B7335B /* ToDoTableViewController.swift */ = {isa = PBXFileReference; lastKnownFileType = sourcecode.swift; path = ToDoTableViewController.swift; sourceTree = "<group>"; };
		5B460096286B528E00B7335B /* ToDo.swift */ = {isa = PBXFileReference; lastKnownFileType = sourcecode.swift; path = ToDo.swift; sourceTree = "<group>"; };
/* End PBXFileReference section */

/* Begin PBXFrameworksBuildPhase section */
		5B46005B286B4FD000B7335B /* Frameworks */ = {
			isa = PBXFrameworksBuildPhase;
			buildActionMask = 2147483647;
			files = (
			);
			runOnlyForDeploymentPostprocessing = 0;
		};
		5B460074286B4FD600B7335B /* Frameworks */ = {
			isa = PBXFrameworksBuildPhase;
			buildActionMask = 2147483647;
			files = (
			);
			runOnlyForDeploymentPostprocessing = 0;
		};
		5B46007E286B4FD600B7335B /* Frameworks */ = {
			isa = PBXFrameworksBuildPhase;
			buildActionMask = 2147483647;
			files = (
			);
			runOnlyForDeploymentPostprocessing = 0;
		};
/* End PBXFrameworksBuildPhase section */

/* Begin PBXGroup section */
		5B460055286B4FD000B7335B = {
			isa = PBXGroup;
			children = (
				5B460060286B4FD000B7335B /* toDoList */,
				5B46007A286B4FD600B7335B /* toDoListTests */,
				5B460084286B4FD600B7335B /* toDoListUITests */,
				5B46005F286B4FD000B7335B /* Products */,
			);
			sourceTree = "<group>";
		};
		5B46005F286B4FD000B7335B /* Products */ = {
			isa = PBXGroup;
			children = (
				5B46005E286B4FD000B7335B /* toDoList.app */,
				5B460077286B4FD600B7335B /* toDoListTests.xctest */,
				5B460081286B4FD600B7335B /* toDoListUITests.xctest */,
			);
			name = Products;
			sourceTree = "<group>";
		};
		5B460060286B4FD000B7335B /* toDoList */ = {
			isa = PBXGroup;
			children = (
				5B460061286B4FD000B7335B /* AppDelegate.swift */,
				5B460063286B4FD000B7335B /* SceneDelegate.swift */,
				5B460065286B4FD000B7335B /* ViewController.swift */,
				5B460067286B4FD000B7335B /* Main.storyboard */,
				5B46006D286B4FD600B7335B /* Assets.xcassets */,
				5B46006F286B4FD600B7335B /* LaunchScreen.storyboard */,
				5B460072286B4FD600B7335B /* Info.plist */,
				5B46006A286B4FD000B7335B /* toDoList.xcdatamodeld */,
				5B460094286B523700B7335B /* ToDoTableViewController.swift */,
				5B460096286B528E00B7335B /* ToDo.swift */,
			);
			path = toDoList;
			sourceTree = "<group>";
		};
		5B46007A286B4FD600B7335B /* toDoListTests */ = {
			isa = PBXGroup;
			children = (
				5B46007B286B4FD600B7335B /* toDoListTests.swift */,
			);
			path = toDoListTests;
			sourceTree = "<group>";
		};
		5B460084286B4FD600B7335B /* toDoListUITests */ = {
			isa = PBXGroup;
			children = (
				5B460085286B4FD600B7335B /* toDoListUITests.swift */,
				5B460087286B4FD600B7335B /* toDoListUITestsLaunchTests.swift */,
			);
			path = toDoListUITests;
			sourceTree = "<group>";
		};
/* End PBXGroup section */

/* Begin PBXNativeTarget section */
		5B46005D286B4FD000B7335B /* toDoList */ = {
			isa = PBXNativeTarget;
			buildConfigurationList = 5B46008B286B4FD600B7335B /* Build configuration list for PBXNativeTarget "toDoList" */;
			buildPhases = (
				5B46005A286B4FD000B7335B /* Sources */,
				5B46005B286B4FD000B7335B /* Frameworks */,
				5B46005C286B4FD000B7335B /* Resources */,
			);
			buildRules = (
			);
			dependencies = (
			);
			name = toDoList;
			productName = toDoList;
			productReference = 5B46005E286B4FD000B7335B /* toDoList.app */;
			productType = "com.apple.product-type.application";
		};
		5B460076286B4FD600B7335B /* toDoListTests */ = {
			isa = PBXNativeTarget;
			buildConfigurationList = 5B46008E286B4FD600B7335B /* Build configuration list for PBXNativeTarget "toDoListTests" */;
			buildPhases = (
				5B460073286B4FD600B7335B /* Sources */,
				5B460074286B4FD600B7335B /* Frameworks */,
				5B460075286B4FD600B7335B /* Resources */,
			);
			buildRules = (
			);
			dependencies = (
				5B460079286B4FD600B7335B /* PBXTargetDependency */,
			);
			name = toDoListTests;
			productName = toDoListTests;
			productReference = 5B460077286B4FD600B7335B /* toDoListTests.xctest */;
			productType = "com.apple.product-type.bundle.unit-test";
		};
		5B460080286B4FD600B7335B /* toDoListUITests */ = {
			isa = PBXNativeTarget;
			buildConfigurationList = 5B460091286B4FD600B7335B /* Build configuration list for PBXNativeTarget "toDoListUITests" */;
			buildPhases = (
				5B46007D286B4FD600B7335B /* Sources */,
				5B46007E286B4FD600B7335B /* Frameworks */,
				5B46007F286B4FD600B7335B /* Resources */,
			);
			buildRules = (
			);
			dependencies = (
				5B460083286B4FD600B7335B /* PBXTargetDependency */,
			);
			name = toDoListUITests;
			productName = toDoListUITests;
			productReference = 5B460081286B4FD600B7335B /* toDoListUITests.xctest */;
			productType = "com.apple.product-type.bundle.ui-testing";
		};
/* End PBXNativeTarget section */

/* Begin PBXProject section */
		5B460056286B4FD000B7335B /* Project object */ = {
			isa = PBXProject;
			attributes = {
				BuildIndependentTargetsInParallel = 1;
				LastSwiftUpdateCheck = 1340;
				LastUpgradeCheck = 1340;
				TargetAttributes = {
					5B46005D286B4FD000B7335B = {
						CreatedOnToolsVersion = 13.4.1;
					};
					5B460076286B4FD600B7335B = {
						CreatedOnToolsVersion = 13.4.1;
						TestTargetID = 5B46005D286B4FD000B7335B;
					};
					5B460080286B4FD600B7335B = {
						CreatedOnToolsVersion = 13.4.1;
						TestTargetID = 5B46005D286B4FD000B7335B;
					};
				};
			};
			buildConfigurationList = 5B460059286B4FD000B7335B /* Build configuration list for PBXProject "toDoList" */;
			compatibilityVersion = "Xcode 13.0";
			developmentRegion = en;
			hasScannedForEncodings = 0;
			knownRegions = (
				en,
				Base,
			);
			mainGroup = 5B460055286B4FD000B7335B;
			productRefGroup = 5B46005F286B4FD000B7335B /* Products */;
			projectDirPath = "";
			projectRoot = "";
			targets = (
				5B46005D286B4FD000B7335B /* toDoList */,
				5B460076286B4FD600B7335B /* toDoListTests */,
				5B460080286B4FD600B7335B /* toDoListUITests */,
			);
		};
/* End PBXProject section */

/* Begin PBXResourcesBuildPhase section */
		5B46005C286B4FD000B7335B /* Resources */ = {
			isa = PBXResourcesBuildPhase;
			buildActionMask = 2147483647;
			files = (
				5B460071286B4FD600B7335B /* LaunchScreen.storyboard in Resources */,
				5B46006E286B4FD600B7335B /* Assets.xcassets in Resources */,
				5B460069286B4FD000B7335B /* Main.storyboard in Resources */,
			);
			runOnlyForDeploymentPostprocessing = 0;
		};
		5B460075286B4FD600B7335B /* Resources */ = {
			isa = PBXResourcesBuildPhase;
			buildActionMask = 2147483647;
			files = (
			);
			runOnlyForDeploymentPostprocessing = 0;
		};
		5B46007F286B4FD600B7335B /* Resources */ = {
			isa = PBXResourcesBuildPhase;
			buildActionMask = 2147483647;
			files = (
			);
			runOnlyForDeploymentPostprocessing = 0;
		};
/* End PBXResourcesBuildPhase section */

/* Begin PBXSourcesBuildPhase section */
		5B46005A286B4FD000B7335B /* Sources */ = {
			isa = PBXSourcesBuildPhase;
			buildActionMask = 2147483647;
			files = (
				5B460066286B4FD000B7335B /* ViewController.swift in Sources */,
				5B460062286B4FD000B7335B /* AppDelegate.swift in Sources */,
				5B460064286B4FD000B7335B /* SceneDelegate.swift in Sources */,
				5B460097286B528E00B7335B /* ToDo.swift in Sources */,
				5B46006C286B4FD000B7335B /* toDoList.xcdatamodeld in Sources */,
				5B460095286B523800B7335B /* ToDoTableViewController.swift in Sources */,
			);
			runOnlyForDeploymentPostprocessing = 0;
		};
		5B460073286B4FD600B7335B /* Sources */ = {
			isa = PBXSourcesBuildPhase;
			buildActionMask = 2147483647;
			files = (
				5B46007C286B4FD600B7335B /* toDoListTests.swift in Sources */,
			);
			runOnlyForDeploymentPostprocessing = 0;
		};
		5B46007D286B4FD600B7335B /* Sources */ = {
			isa = PBXSourcesBuildPhase;
			buildActionMask = 2147483647;
			files = (
				5B460088286B4FD600B7335B /* toDoListUITestsLaunchTests.swift in Sources */,
				5B460086286B4FD600B7335B /* toDoListUITests.swift in Sources */,
			);
			runOnlyForDeploymentPostprocessing = 0;
		};
/* End PBXSourcesBuildPhase section */

/* Begin PBXTargetDependency section */
		5B460079286B4FD600B7335B /* PBXTargetDependency */ = {
			isa = PBXTargetDependency;
			target = 5B46005D286B4FD000B7335B /* toDoList */;
			targetProxy = 5B460078286B4FD600B7335B /* PBXContainerItemProxy */;
		};
		5B460083286B4FD600B7335B /* PBXTargetDependency */ = {
			isa = PBXTargetDependency;
			target = 5B46005D286B4FD000B7335B /* toDoList */;
			targetProxy = 5B460082286B4FD600B7335B /* PBXContainerItemProxy */;
		};
/* End PBXTargetDependency section */

/* Begin PBXVariantGroup section */
		5B460067286B4FD000B7335B /* Main.storyboard */ = {
			isa = PBXVariantGroup;
			children = (
				5B460068286B4FD000B7335B /* Base */,
			);
			name = Main.storyboard;
			sourceTree = "<group>";
		};
		5B46006F286B4FD600B7335B /* LaunchScreen.storyboard */ = {
			isa = PBXVariantGroup;
			children = (
				5B460070286B4FD600B7335B /* Base */,
			);
			name = LaunchScreen.storyboard;
			sourceTree = "<group>";
		};
/* End PBXVariantGroup section */

/* Begin XCBuildConfiguration section */
		5B460089286B4FD600B7335B /* Debug */ = {
			isa = XCBuildConfiguration;
			buildSettings = {
				ALWAYS_SEARCH_USER_PATHS = NO;
				CLANG_ANALYZER_NONNULL = YES;
				CLANG_ANALYZER_NUMBER_OBJECT_CONVERSION = YES_AGGRESSIVE;
				CLANG_CXX_LANGUAGE_STANDARD = "gnu++17";
				CLANG_ENABLE_MODULES = YES;
				CLANG_ENABLE_OBJC_ARC = YES;
				CLANG_ENABLE_OBJC_WEAK = YES;
				CLANG_WARN_BLOCK_CAPTURE_AUTORELEASING = YES;
				CLANG_WARN_BOOL_CONVERSION = YES;
				CLANG_WARN_COMMA = YES;
				CLANG_WARN_CONSTANT_CONVERSION = YES;
				CLANG_WARN_DEPRECATED_OBJC_IMPLEMENTATIONS = YES;
				CLANG_WARN_DIRECT_OBJC_ISA_USAGE = YES_ERROR;
				CLANG_WARN_DOCUMENTATION_COMMENTS = YES;
				CLANG_WARN_EMPTY_BODY = YES;
				CLANG_WARN_ENUM_CONVERSION = YES;
				CLANG_WARN_INFINITE_RECURSION = YES;
				CLANG_WARN_INT_CONVERSION = YES;
				CLANG_WARN_NON_LITERAL_NULL_CONVERSION = YES;
				CLANG_WARN_OBJC_IMPLICIT_RETAIN_SELF = YES;
				CLANG_WARN_OBJC_LITERAL_CONVERSION = YES;
				CLANG_WARN_OBJC_ROOT_CLASS = YES_ERROR;
				CLANG_WARN_QUOTED_INCLUDE_IN_FRAMEWORK_HEADER = YES;
				CLANG_WARN_RANGE_LOOP_ANALYSIS = YES;
				CLANG_WARN_STRICT_PROTOTYPES = YES;
				CLANG_WARN_SUSPICIOUS_MOVE = YES;
				CLANG_WARN_UNGUARDED_AVAILABILITY = YES_AGGRESSIVE;
				CLANG_WARN_UNREACHABLE_CODE = YES;
				CLANG_WARN__DUPLICATE_METHOD_MATCH = YES;
				COPY_PHASE_STRIP = NO;
				DEBUG_INFORMATION_FORMAT = dwarf;
				ENABLE_STRICT_OBJC_MSGSEND = YES;
				ENABLE_TESTABILITY = YES;
				GCC_C_LANGUAGE_STANDARD = gnu11;
				GCC_DYNAMIC_NO_PIC = NO;
				GCC_NO_COMMON_BLOCKS = YES;
				GCC_OPTIMIZATION_LEVEL = 0;
				GCC_PREPROCESSOR_DEFINITIONS = (
					"DEBUG=1",
					"$(inherited)",
				);
				GCC_WARN_64_TO_32_BIT_CONVERSION = YES;
				GCC_WARN_ABOUT_RETURN_TYPE = YES_ERROR;
				GCC_WARN_UNDECLARED_SELECTOR = YES;
				GCC_WARN_UNINITIALIZED_AUTOS = YES_AGGRESSIVE;
				GCC_WARN_UNUSED_FUNCTION = YES;
				GCC_WARN_UNUSED_VARIABLE = YES;
				IPHONEOS_DEPLOYMENT_TARGET = 15.5;
				MTL_ENABLE_DEBUG_INFO = INCLUDE_SOURCE;
				MTL_FAST_MATH = YES;
				ONLY_ACTIVE_ARCH = YES;
				SDKROOT = iphoneos;
				SWIFT_ACTIVE_COMPILATION_CONDITIONS = DEBUG;
				SWIFT_OPTIMIZATION_LEVEL = "-Onone";
			};
			name = Debug;
		};
		5B46008A286B4FD600B7335B /* Release */ = {
			isa = XCBuildConfiguration;
			buildSettings = {
				ALWAYS_SEARCH_USER_PATHS = NO;
				CLANG_ANALYZER_NONNULL = YES;
				CLANG_ANALYZER_NUMBER_OBJECT_CONVERSION = YES_AGGRESSIVE;
				CLANG_CXX_LANGUAGE_STANDARD = "gnu++17";
				CLANG_ENABLE_MODULES = YES;
				CLANG_ENABLE_OBJC_ARC = YES;
				CLANG_ENABLE_OBJC_WEAK = YES;
				CLANG_WARN_BLOCK_CAPTURE_AUTORELEASING = YES;
				CLANG_WARN_BOOL_CONVERSION = YES;
				CLANG_WARN_COMMA = YES;
				CLANG_WARN_CONSTANT_CONVERSION = YES;
				CLANG_WARN_DEPRECATED_OBJC_IMPLEMENTATIONS = YES;
				CLANG_WARN_DIRECT_OBJC_ISA_USAGE = YES_ERROR;
				CLANG_WARN_DOCUMENTATION_COMMENTS = YES;
				CLANG_WARN_EMPTY_BODY = YES;
				CLANG_WARN_ENUM_CONVERSION = YES;
				CLANG_WARN_INFINITE_RECURSION = YES;
				CLANG_WARN_INT_CONVERSION = YES;
				CLANG_WARN_NON_LITERAL_NULL_CONVERSION = YES;
				CLANG_WARN_OBJC_IMPLICIT_RETAIN_SELF = YES;
				CLANG_WARN_OBJC_LITERAL_CONVERSION = YES;
				CLANG_WARN_OBJC_ROOT_CLASS = YES_ERROR;
				CLANG_WARN_QUOTED_INCLUDE_IN_FRAMEWORK_HEADER = YES;
				CLANG_WARN_RANGE_LOOP_ANALYSIS = YES;
				CLANG_WARN_STRICT_PROTOTYPES = YES;
				CLANG_WARN_SUSPICIOUS_MOVE = YES;
				CLANG_WARN_UNGUARDED_AVAILABILITY = YES_AGGRESSIVE;
				CLANG_WARN_UNREACHABLE_CODE = YES;
				CLANG_WARN__DUPLICATE_METHOD_MATCH = YES;
				COPY_PHASE_STRIP = NO;
				DEBUG_INFORMATION_FORMAT = "dwarf-with-dsym";
				ENABLE_NS_ASSERTIONS = NO;
				ENABLE_STRICT_OBJC_MSGSEND = YES;
				GCC_C_LANGUAGE_STANDARD = gnu11;
				GCC_NO_COMMON_BLOCKS = YES;
				GCC_WARN_64_TO_32_BIT_CONVERSION = YES;
				GCC_WARN_ABOUT_RETURN_TYPE = YES_ERROR;
				GCC_WARN_UNDECLARED_SELECTOR = YES;
				GCC_WARN_UNINITIALIZED_AUTOS = YES_AGGRESSIVE;
				GCC_WARN_UNUSED_FUNCTION = YES;
				GCC_WARN_UNUSED_VARIABLE = YES;
				IPHONEOS_DEPLOYMENT_TARGET = 15.5;
				MTL_ENABLE_DEBUG_INFO = NO;
				MTL_FAST_MATH = YES;
				SDKROOT = iphoneos;
				SWIFT_COMPILATION_MODE = wholemodule;
				SWIFT_OPTIMIZATION_LEVEL = "-O";
				VALIDATE_PRODUCT = YES;
			};
			name = Release;
		};
		5B46008C286B4FD600B7335B /* Debug */ = {
			isa = XCBuildConfiguration;
			buildSettings = {
				ASSETCATALOG_COMPILER_APPICON_NAME = AppIcon;
				ASSETCATALOG_COMPILER_GLOBAL_ACCENT_COLOR_NAME = AccentColor;
				CODE_SIGN_STYLE = Automatic;
				CURRENT_PROJECT_VERSION = 1;
				GENERATE_INFOPLIST_FILE = YES;
				INFOPLIST_FILE = toDoList/Info.plist;
				INFOPLIST_KEY_UIApplicationSupportsIndirectInputEvents = YES;
				INFOPLIST_KEY_UILaunchStoryboardName = LaunchScreen;
				INFOPLIST_KEY_UIMainStoryboardFile = Main;
				INFOPLIST_KEY_UISupportedInterfaceOrientations_iPad = "UIInterfaceOrientationPortrait UIInterfaceOrientationPortraitUpsideDown UIInterfaceOrientationLandscapeLeft UIInterfaceOrientationLandscapeRight";
				INFOPLIST_KEY_UISupportedInterfaceOrientations_iPhone = "UIInterfaceOrientationPortrait UIInterfaceOrientationLandscapeLeft UIInterfaceOrientationLandscapeRight";
				LD_RUNPATH_SEARCH_PATHS = (
					"$(inherited)",
					"@executable_path/Frameworks",
				);
				MARKETING_VERSION = 1.0;
				PRODUCT_BUNDLE_IDENTIFIER = kwk.toDoList;
				PRODUCT_NAME = "$(TARGET_NAME)";
				SWIFT_EMIT_LOC_STRINGS = YES;
				SWIFT_VERSION = 5.0;
				TARGETED_DEVICE_FAMILY = "1,2";
			};
			name = Debug;
		};
		5B46008D286B4FD600B7335B /* Release */ = {
			isa = XCBuildConfiguration;
			buildSettings = {
				ASSETCATALOG_COMPILER_APPICON_NAME = AppIcon;
				ASSETCATALOG_COMPILER_GLOBAL_ACCENT_COLOR_NAME = AccentColor;
				CODE_SIGN_STYLE = Automatic;
				CURRENT_PROJECT_VERSION = 1;
				GENERATE_INFOPLIST_FILE = YES;
				INFOPLIST_FILE = toDoList/Info.plist;
				INFOPLIST_KEY_UIApplicationSupportsIndirectInputEvents = YES;
				INFOPLIST_KEY_UILaunchStoryboardName = LaunchScreen;
				INFOPLIST_KEY_UIMainStoryboardFile = Main;
				INFOPLIST_KEY_UISupportedInterfaceOrientations_iPad = "UIInterfaceOrientationPortrait UIInterfaceOrientationPortraitUpsideDown UIInterfaceOrientationLandscapeLeft UIInterfaceOrientationLandscapeRight";
				INFOPLIST_KEY_UISupportedInterfaceOrientations_iPhone = "UIInterfaceOrientationPortrait UIInterfaceOrientationLandscapeLeft UIInterfaceOrientationLandscapeRight";
				LD_RUNPATH_SEARCH_PATHS = (
					"$(inherited)",
					"@executable_path/Frameworks",
				);
				MARKETING_VERSION = 1.0;
				PRODUCT_BUNDLE_IDENTIFIER = kwk.toDoList;
				PRODUCT_NAME = "$(TARGET_NAME)";
				SWIFT_EMIT_LOC_STRINGS = YES;
				SWIFT_VERSION = 5.0;
				TARGETED_DEVICE_FAMILY = "1,2";
			};
			name = Release;
		};
		5B46008F286B4FD600B7335B /* Debug */ = {
			isa = XCBuildConfiguration;
			buildSettings = {
				ALWAYS_EMBED_SWIFT_STANDARD_LIBRARIES = YES;
				BUNDLE_LOADER = "$(TEST_HOST)";
				CODE_SIGN_STYLE = Automatic;
				CURRENT_PROJECT_VERSION = 1;
				GENERATE_INFOPLIST_FILE = YES;
				IPHONEOS_DEPLOYMENT_TARGET = 15.5;
				MARKETING_VERSION = 1.0;
				PRODUCT_BUNDLE_IDENTIFIER = kwk.toDoListTests;
				PRODUCT_NAME = "$(TARGET_NAME)";
				SWIFT_EMIT_LOC_STRINGS = NO;
				SWIFT_VERSION = 5.0;
				TARGETED_DEVICE_FAMILY = "1,2";
				TEST_HOST = "$(BUILT_PRODUCTS_DIR)/toDoList.app/toDoList";
			};
			name = Debug;
		};
		5B460090286B4FD600B7335B /* Release */ = {
			isa = XCBuildConfiguration;
			buildSettings = {
				ALWAYS_EMBED_SWIFT_STANDARD_LIBRARIES = YES;
				BUNDLE_LOADER = "$(TEST_HOST)";
				CODE_SIGN_STYLE = Automatic;
				CURRENT_PROJECT_VERSION = 1;
				GENERATE_INFOPLIST_FILE = YES;
				IPHONEOS_DEPLOYMENT_TARGET = 15.5;
				MARKETING_VERSION = 1.0;
				PRODUCT_BUNDLE_IDENTIFIER = kwk.toDoListTests;
				PRODUCT_NAME = "$(TARGET_NAME)";
				SWIFT_EMIT_LOC_STRINGS = NO;
				SWIFT_VERSION = 5.0;
				TARGETED_DEVICE_FAMILY = "1,2";
				TEST_HOST = "$(BUILT_PRODUCTS_DIR)/toDoList.app/toDoList";
			};
			name = Release;
		};
		5B460092286B4FD600B7335B /* Debug */ = {
			isa = XCBuildConfiguration;
			buildSettings = {
				ALWAYS_EMBED_SWIFT_STANDARD_LIBRARIES = YES;
				CODE_SIGN_STYLE = Automatic;
				CURRENT_PROJECT_VERSION = 1;
				GENERATE_INFOPLIST_FILE = YES;
				MARKETING_VERSION = 1.0;
				PRODUCT_BUNDLE_IDENTIFIER = kwk.toDoListUITests;
				PRODUCT_NAME = "$(TARGET_NAME)";
				SWIFT_EMIT_LOC_STRINGS = NO;
				SWIFT_VERSION = 5.0;
				TARGETED_DEVICE_FAMILY = "1,2";
				TEST_TARGET_NAME = toDoList;
			};
			name = Debug;
		};
		5B460093286B4FD600B7335B /* Release */ = {
			isa = XCBuildConfiguration;
			buildSettings = {
				ALWAYS_EMBED_SWIFT_STANDARD_LIBRARIES = YES;
				CODE_SIGN_STYLE = Automatic;
				CURRENT_PROJECT_VERSION = 1;
				GENERATE_INFOPLIST_FILE = YES;
				MARKETING_VERSION = 1.0;
				PRODUCT_BUNDLE_IDENTIFIER = kwk.toDoListUITests;
				PRODUCT_NAME = "$(TARGET_NAME)";
				SWIFT_EMIT_LOC_STRINGS = NO;
				SWIFT_VERSION = 5.0;
				TARGETED_DEVICE_FAMILY = "1,2";
				TEST_TARGET_NAME = toDoList;
			};
			name = Release;
		};
/* End XCBuildConfiguration section */

/* Begin XCConfigurationList section */
		5B460059286B4FD000B7335B /* Build configuration list for PBXProject "toDoList" */ = {
			isa = XCConfigurationList;
			buildConfigurations = (
				5B460089286B4FD600B7335B /* Debug */,
				5B46008A286B4FD600B7335B /* Release */,
			);
			defaultConfigurationIsVisible = 0;
			defaultConfigurationName = Release;
		};
		5B46008B286B4FD600B7335B /* Build configuration list for PBXNativeTarget "toDoList" */ = {
			isa = XCConfigurationList;
			buildConfigurations = (
				5B46008C286B4FD600B7335B /* Debug */,
				5B46008D286B4FD600B7335B /* Release */,
			);
			defaultConfigurationIsVisible = 0;
			defaultConfigurationName = Release;
		};
		5B46008E286B4FD600B7335B /* Build configuration list for PBXNativeTarget "toDoListTests" */ = {
			isa = XCConfigurationList;
			buildConfigurations = (
				5B46008F286B4FD600B7335B /* Debug */,
				5B460090286B4FD600B7335B /* Release */,
			);
			defaultConfigurationIsVisible = 0;
			defaultConfigurationName = Release;
		};
		5B460091286B4FD600B7335B /* Build configuration list for PBXNativeTarget "toDoListUITests" */ = {
			isa = XCConfigurationList;
			buildConfigurations = (
				5B460092286B4FD600B7335B /* Debug */,
				5B460093286B4FD600B7335B /* Release */,
			);
			defaultConfigurationIsVisible = 0;
			defaultConfigurationName = Release;
		};
/* End XCConfigurationList section */

/* Begin XCVersionGroup section */
		5B46006A286B4FD000B7335B /* toDoList.xcdatamodeld */ = {
			isa = XCVersionGroup;
			children = (
				5B46006B286B4FD000B7335B /* toDoList.xcdatamodel */,
			);
			currentVersion = 5B46006B286B4FD000B7335B /* toDoList.xcdatamodel */;
			path = toDoList.xcdatamodeld;
			sourceTree = "<group>";
			versionGroupType = wrapper.xcdatamodel;
		};
/* End XCVersionGroup section */
	};
	rootObject = 5B460056286B4FD000B7335B /* Project object */;
}
